// !$*UTF8*$!
{
	archiveVersion = 1;
	classes = {
	};
	objectVersion = 56;
	objects = {

/* Begin PBXBuildFile section */
		04AE5A322DE5E4830019E4B8 /* AppDelegate.swift in Sources */ = {isa = PBXBuildFile; fileRef = 04AE5A312DE5E4830019E4B8 /* AppDelegate.swift */; };
		04AE5A342DE5E4830019E4B8 /* SceneDelegate.swift in Sources */ = {isa = PBXBuildFile; fileRef = 04AE5A332DE5E4830019E4B8 /* SceneDelegate.swift */; };
		04AE5A362DE5E4830019E4B8 /* ViewController.swift in Sources */ = {isa = PBXBuildFile; fileRef = 04AE5A352DE5E4830019E4B8 /* ViewController.swift */; };
		04AE5A392DE5E4830019E4B8 /* Main.storyboard in Resources */ = {isa = PBXBuildFile; fileRef = 04AE5A372DE5E4830019E4B8 /* Main.storyboard */; };
		04AE5A3B2DE5E4880019E4B8 /* Assets.xcassets in Resources */ = {isa = PBXBuildFile; fileRef = 04AE5A3A2DE5E4880019E4B8 /* Assets.xcassets */; };
		04AE5A3E2DE5E4880019E4B8 /* LaunchScreen.storyboard in Resources */ = {isa = PBXBuildFile; fileRef = 04AE5A3C2DE5E4880019E4B8 /* LaunchScreen.storyboard */; };
		04AE5A462DE5E9090019E4B8 /* CircularImageView.swift in Sources */ = {isa = PBXBuildFile; fileRef = 04AE5A452DE5E9090019E4B8 /* CircularImageView.swift */; };
		04AE5A482DE60A060019E4B8 /* InfoCardView.swift in Sources */ = {isa = PBXBuildFile; fileRef = 04AE5A472DE60A060019E4B8 /* InfoCardView.swift */; };
		04AE5A4A2DE60A2F0019E4B8 /* StatCardView.swift in Sources */ = {isa = PBXBuildFile; fileRef = 04AE5A492DE60A2F0019E4B8 /* StatCardView.swift */; };
		04AE5A4C2DE60A5C0019E4B8 /* ProfileViewController.swift in Sources */ = {isa = PBXBuildFile; fileRef = 04AE5A4B2DE60A5C0019E4B8 /* ProfileViewController.swift */; };
		04AE5A4E2DE60B260019E4B8 /* TagButton.swift in Sources */ = {isa = PBXBuildFile; fileRef = 04AE5A4D2DE60B260019E4B8 /* TagButton.swift */; };
		04AE5A502DE60B760019E4B8 /* BottomTabBarView.swift in Sources */ = {isa = PBXBuildFile; fileRef = 04AE5A4F2DE60B760019E4B8 /* BottomTabBarView.swift */; };
		04AE5A552DE7235C0019E4B8 /* UIColor+Extension.swift in Sources */ = {isa = PBXBuildFile; fileRef = 04AE5A542DE7235B0019E4B8 /* UIColor+Extension.swift */; };
		04AE5A5A2DE7373E0019E4B8 /* ProfileStatService.swift in Sources */ = {isa = PBXBuildFile; fileRef = 04AE5A592DE7373E0019E4B8 /* ProfileStatService.swift */; };
/* End PBXBuildFile section */

/* Begin PBXFileReference section */
		04AE5A2E2DE5E4830019E4B8 /* MintynTask.app */ = {isa = PBXFileReference; explicitFileType = wrapper.application; includeInIndex = 0; path = MintynTask.app; sourceTree = BUILT_PRODUCTS_DIR; };
		04AE5A312DE5E4830019E4B8 /* AppDelegate.swift */ = {isa = PBXFileReference; lastKnownFileType = sourcecode.swift; path = AppDelegate.swift; sourceTree = "<group>"; };
		04AE5A332DE5E4830019E4B8 /* SceneDelegate.swift */ = {isa = PBXFileReference; lastKnownFileType = sourcecode.swift; path = SceneDelegate.swift; sourceTree = "<group>"; };
		04AE5A352DE5E4830019E4B8 /* ViewController.swift */ = {isa = PBXFileReference; lastKnownFileType = sourcecode.swift; path = ViewController.swift; sourceTree = "<group>"; };
		04AE5A382DE5E4830019E4B8 /* Base */ = {isa = PBXFileReference; lastKnownFileType = file.storyboard; name = Base; path = Base.lproj/Main.storyboard; sourceTree = "<group>"; };
		04AE5A3A2DE5E4880019E4B8 /* Assets.xcassets */ = {isa = PBXFileReference; lastKnownFileType = folder.assetcatalog; path = Assets.xcassets; sourceTree = "<group>"; };
		04AE5A3D2DE5E4880019E4B8 /* Base */ = {isa = PBXFileReference; lastKnownFileType = file.storyboard; name = Base; path = Base.lproj/LaunchScreen.storyboard; sourceTree = "<group>"; };
		04AE5A3F2DE5E4880019E4B8 /* Info.plist */ = {isa = PBXFileReference; lastKnownFileType = text.plist.xml; path = Info.plist; sourceTree = "<group>"; };
		04AE5A452DE5E9090019E4B8 /* CircularImageView.swift */ = {isa = PBXFileReference; lastKnownFileType = sourcecode.swift; path = CircularImageView.swift; sourceTree = "<group>"; };
		04AE5A472DE60A060019E4B8 /* InfoCardView.swift */ = {isa = PBXFileReference; lastKnownFileType = sourcecode.swift; path = InfoCardView.swift; sourceTree = "<group>"; };
		04AE5A492DE60A2F0019E4B8 /* StatCardView.swift */ = {isa = PBXFileReference; lastKnownFileType = sourcecode.swift; path = StatCardView.swift; sourceTree = "<group>"; };
		04AE5A4B2DE60A5C0019E4B8 /* ProfileViewController.swift */ = {isa = PBXFileReference; lastKnownFileType = sourcecode.swift; path = ProfileViewController.swift; sourceTree = "<group>"; };
		04AE5A4D2DE60B260019E4B8 /* TagButton.swift */ = {isa = PBXFileReference; lastKnownFileType = sourcecode.swift; path = TagButton.swift; sourceTree = "<group>"; };
		04AE5A4F2DE60B760019E4B8 /* BottomTabBarView.swift */ = {isa = PBXFileReference; lastKnownFileType = sourcecode.swift; path = BottomTabBarView.swift; sourceTree = "<group>"; };
		04AE5A542DE7235B0019E4B8 /* UIColor+Extension.swift */ = {isa = PBXFileReference; lastKnownFileType = sourcecode.swift; path = "UIColor+Extension.swift"; sourceTree = "<group>"; };
		04AE5A592DE7373E0019E4B8 /* ProfileStatService.swift */ = {isa = PBXFileReference; lastKnownFileType = sourcecode.swift; path = ProfileStatService.swift; sourceTree = "<group>"; };
/* End PBXFileReference section */

/* Begin PBXFrameworksBuildPhase section */
		04AE5A2B2DE5E4830019E4B8 /* Frameworks */ = {
			isa = PBXFrameworksBuildPhase;
			buildActionMask = 2147483647;
			files = (
			);
			runOnlyForDeploymentPostprocessing = 0;
		};
/* End PBXFrameworksBuildPhase section */

/* Begin PBXGroup section */
		04AE5A252DE5E4830019E4B8 = {
			isa = PBXGroup;
			children = (
				04AE5A302DE5E4830019E4B8 /* MintynTask */,
				04AE5A2F2DE5E4830019E4B8 /* Products */,
			);
			sourceTree = "<group>";
		};
		04AE5A2F2DE5E4830019E4B8 /* Products */ = {
			isa = PBXGroup;
			children = (
				04AE5A2E2DE5E4830019E4B8 /* MintynTask.app */,
			);
			name = Products;
			sourceTree = "<group>";
		};
		04AE5A302DE5E4830019E4B8 /* MintynTask */ = {
			isa = PBXGroup;
			children = (
				04AE5A582DE737200019E4B8 /* Network */,
				04AE5A312DE5E4830019E4B8 /* AppDelegate.swift */,
				04AE5A332DE5E4830019E4B8 /* SceneDelegate.swift */,
				04AE5A352DE5E4830019E4B8 /* ViewController.swift */,
				04AE5A372DE5E4830019E4B8 /* Main.storyboard */,
				04AE5A3A2DE5E4880019E4B8 /* Assets.xcassets */,
				04AE5A3C2DE5E4880019E4B8 /* LaunchScreen.storyboard */,
				04AE5A3F2DE5E4880019E4B8 /* Info.plist */,
				04AE5A562DE723740019E4B8 /* Components */,
				04AE5A572DE723870019E4B8 /* UIKit+Extensions */,
			);
			path = MintynTask;
			sourceTree = "<group>";
		};
		04AE5A562DE723740019E4B8 /* Components */ = {
			isa = PBXGroup;
			children = (
				04AE5A472DE60A060019E4B8 /* InfoCardView.swift */,
				04AE5A452DE5E9090019E4B8 /* CircularImageView.swift */,
				04AE5A492DE60A2F0019E4B8 /* StatCardView.swift */,
				04AE5A4B2DE60A5C0019E4B8 /* ProfileViewController.swift */,
				04AE5A4D2DE60B260019E4B8 /* TagButton.swift */,
				04AE5A4F2DE60B760019E4B8 /* BottomTabBarView.swift */,
			);
			path = Components;
			sourceTree = "<group>";
		};
		04AE5A572DE723870019E4B8 /* UIKit+Extensions */ = {
			isa = PBXGroup;
			children = (
				04AE5A542DE7235B0019E4B8 /* UIColor+Extension.swift */,
			);
			path = "UIKit+Extensions";
			sourceTree = "<group>";
		};
		04AE5A582DE737200019E4B8 /* Network */ = {
			isa = PBXGroup;
			children = (
				04AE5A592DE7373E0019E4B8 /* ProfileStatService.swift */,
			);
			path = Network;
			sourceTree = "<group>";
		};
/* End PBXGroup section */

/* Begin PBXNativeTarget section */
		04AE5A2D2DE5E4830019E4B8 /* MintynTask */ = {
			isa = PBXNativeTarget;
			buildConfigurationList = 04AE5A422DE5E4880019E4B8 /* Build configuration list for PBXNativeTarget "MintynTask" */;
			buildPhases = (
				04AE5A2A2DE5E4830019E4B8 /* Sources */,
				04AE5A2B2DE5E4830019E4B8 /* Frameworks */,
				04AE5A2C2DE5E4830019E4B8 /* Resources */,
			);
			buildRules = (
			);
			dependencies = (
			);
			name = MintynTask;
			productName = MintynTask;
			productReference = 04AE5A2E2DE5E4830019E4B8 /* MintynTask.app */;
			productType = "com.apple.product-type.application";
		};
/* End PBXNativeTarget section */

/* Begin PBXProject section */
		04AE5A262DE5E4830019E4B8 /* Project object */ = {
			isa = PBXProject;
			attributes = {
				BuildIndependentTargetsInParallel = 1;
				LastSwiftUpdateCheck = 1520;
				LastUpgradeCheck = 1520;
				TargetAttributes = {
					04AE5A2D2DE5E4830019E4B8 = {
						CreatedOnToolsVersion = 15.2;
					};
				};
			};
			buildConfigurationList = 04AE5A292DE5E4830019E4B8 /* Build configuration list for PBXProject "MintynTask" */;
			compatibilityVersion = "Xcode 14.0";
			developmentRegion = en;
			hasScannedForEncodings = 0;
			knownRegions = (
				en,
				Base,
			);
			mainGroup = 04AE5A252DE5E4830019E4B8;
			productRefGroup = 04AE5A2F2DE5E4830019E4B8 /* Products */;
			projectDirPath = "";
			projectRoot = "";
			targets = (
				04AE5A2D2DE5E4830019E4B8 /* MintynTask */,
			);
		};
/* End PBXProject section */

/* Begin PBXResourcesBuildPhase section */
		04AE5A2C2DE5E4830019E4B8 /* Resources */ = {
			isa = PBXResourcesBuildPhase;
			buildActionMask = 2147483647;
			files = (
				04AE5A3E2DE5E4880019E4B8 /* LaunchScreen.storyboard in Resources */,
				04AE5A3B2DE5E4880019E4B8 /* Assets.xcassets in Resources */,
				04AE5A392DE5E4830019E4B8 /* Main.storyboard in Resources */,
			);
			runOnlyForDeploymentPostprocessing = 0;
		};
/* End PBXResourcesBuildPhase section */

/* Begin PBXSourcesBuildPhase section */
		04AE5A2A2DE5E4830019E4B8 /* Sources */ = {
			isa = PBXSourcesBuildPhase;
			buildActionMask = 2147483647;
			files = (
				04AE5A502DE60B760019E4B8 /* BottomTabBarView.swift in Sources */,
				04AE5A362DE5E4830019E4B8 /* ViewController.swift in Sources */,
				04AE5A462DE5E9090019E4B8 /* CircularImageView.swift in Sources */,
				04AE5A4E2DE60B260019E4B8 /* TagButton.swift in Sources */,
				04AE5A4A2DE60A2F0019E4B8 /* StatCardView.swift in Sources */,
				04AE5A322DE5E4830019E4B8 /* AppDelegate.swift in Sources */,
				04AE5A4C2DE60A5C0019E4B8 /* ProfileViewController.swift in Sources */,
				04AE5A5A2DE7373E0019E4B8 /* ProfileStatService.swift in Sources */,
				04AE5A482DE60A060019E4B8 /* InfoCardView.swift in Sources */,
				04AE5A342DE5E4830019E4B8 /* SceneDelegate.swift in Sources */,
				04AE5A552DE7235C0019E4B8 /* UIColor+Extension.swift in Sources */,
			);
			runOnlyForDeploymentPostprocessing = 0;
		};
/* End PBXSourcesBuildPhase section */

/* Begin PBXVariantGroup section */
		04AE5A372DE5E4830019E4B8 /* Main.storyboard */ = {
			isa = PBXVariantGroup;
			children = (
				04AE5A382DE5E4830019E4B8 /* Base */,
			);
			name = Main.storyboard;
			sourceTree = "<group>";
		};
		04AE5A3C2DE5E4880019E4B8 /* LaunchScreen.storyboard */ = {
			isa = PBXVariantGroup;
			children = (
				04AE5A3D2DE5E4880019E4B8 /* Base */,
			);
			name = LaunchScreen.storyboard;
			sourceTree = "<group>";
		};
/* End PBXVariantGroup section */

/* Begin XCBuildConfiguration section */
		04AE5A402DE5E4880019E4B8 /* Debug */ = {
			isa = XCBuildConfiguration;
			buildSettings = {
				ALWAYS_SEARCH_USER_PATHS = NO;
				ASSETCATALOG_COMPILER_GENERATE_SWIFT_ASSET_SYMBOL_EXTENSIONS = YES;
				CLANG_ANALYZER_NONNULL = YES;
				CLANG_ANALYZER_NUMBER_OBJECT_CONVERSION = YES_AGGRESSIVE;
				CLANG_CXX_LANGUAGE_STANDARD = "gnu++20";
				CLANG_ENABLE_MODULES = YES;
				CLANG_ENABLE_OBJC_ARC = YES;
				CLANG_ENABLE_OBJC_WEAK = YES;
				CLANG_WARN_BLOCK_CAPTURE_AUTORELEASING = YES;
				CLANG_WARN_BOOL_CONVERSION = YES;
				CLANG_WARN_COMMA = YES;
				CLANG_WARN_CONSTANT_CONVERSION = YES;
				CLANG_WARN_DEPRECATED_OBJC_IMPLEMENTATIONS = YES;
				CLANG_WARN_DIRECT_OBJC_ISA_USAGE = YES_ERROR;
				CLANG_WARN_DOCUMENTATION_COMMENTS = YES;
				CLANG_WARN_EMPTY_BODY = YES;
				CLANG_WARN_ENUM_CONVERSION = YES;
				CLANG_WARN_INFINITE_RECURSION = YES;
				CLANG_WARN_INT_CONVERSION = YES;
				CLANG_WARN_NON_LITERAL_NULL_CONVERSION = YES;
				CLANG_WARN_OBJC_IMPLICIT_RETAIN_SELF = YES;
				CLANG_WARN_OBJC_LITERAL_CONVERSION = YES;
				CLANG_WARN_OBJC_ROOT_CLASS = YES_ERROR;
				CLANG_WARN_QUOTED_INCLUDE_IN_FRAMEWORK_HEADER = YES;
				CLANG_WARN_RANGE_LOOP_ANALYSIS = YES;
				CLANG_WARN_STRICT_PROTOTYPES = YES;
				CLANG_WARN_SUSPICIOUS_MOVE = YES;
				CLANG_WARN_UNGUARDED_AVAILABILITY = YES_AGGRESSIVE;
				CLANG_WARN_UNREACHABLE_CODE = YES;
				CLANG_WARN__DUPLICATE_METHOD_MATCH = YES;
				COPY_PHASE_STRIP = NO;
				DEBUG_INFORMATION_FORMAT = dwarf;
				ENABLE_STRICT_OBJC_MSGSEND = YES;
				ENABLE_TESTABILITY = YES;
				ENABLE_USER_SCRIPT_SANDBOXING = YES;
				GCC_C_LANGUAGE_STANDARD = gnu17;
				GCC_DYNAMIC_NO_PIC = NO;
				GCC_NO_COMMON_BLOCKS = YES;
				GCC_OPTIMIZATION_LEVEL = 0;
				GCC_PREPROCESSOR_DEFINITIONS = (
					"DEBUG=1",
					"$(inherited)",
				);
				GCC_WARN_64_TO_32_BIT_CONVERSION = YES;
				GCC_WARN_ABOUT_RETURN_TYPE = YES_ERROR;
				GCC_WARN_UNDECLARED_SELECTOR = YES;
				GCC_WARN_UNINITIALIZED_AUTOS = YES_AGGRESSIVE;
				GCC_WARN_UNUSED_FUNCTION = YES;
				GCC_WARN_UNUSED_VARIABLE = YES;
				IPHONEOS_DEPLOYMENT_TARGET = 17.2;
				LOCALIZATION_PREFERS_STRING_CATALOGS = YES;
				MTL_ENABLE_DEBUG_INFO = INCLUDE_SOURCE;
				MTL_FAST_MATH = YES;
				ONLY_ACTIVE_ARCH = YES;
				SDKROOT = iphoneos;
				SWIFT_ACTIVE_COMPILATION_CONDITIONS = "DEBUG $(inherited)";
				SWIFT_OPTIMIZATION_LEVEL = "-Onone";
			};
			name = Debug;
		};
		04AE5A412DE5E4880019E4B8 /* Release */ = {
			isa = XCBuildConfiguration;
			buildSettings = {
				ALWAYS_SEARCH_USER_PATHS = NO;
				ASSETCATALOG_COMPILER_GENERATE_SWIFT_ASSET_SYMBOL_EXTENSIONS = YES;
				CLANG_ANALYZER_NONNULL = YES;
				CLANG_ANALYZER_NUMBER_OBJECT_CONVERSION = YES_AGGRESSIVE;
				CLANG_CXX_LANGUAGE_STANDARD = "gnu++20";
				CLANG_ENABLE_MODULES = YES;
				CLANG_ENABLE_OBJC_ARC = YES;
				CLANG_ENABLE_OBJC_WEAK = YES;
				CLANG_WARN_BLOCK_CAPTURE_AUTORELEASING = YES;
				CLANG_WARN_BOOL_CONVERSION = YES;
				CLANG_WARN_COMMA = YES;
				CLANG_WARN_CONSTANT_CONVERSION = YES;
				CLANG_WARN_DEPRECATED_OBJC_IMPLEMENTATIONS = YES;
				CLANG_WARN_DIRECT_OBJC_ISA_USAGE = YES_ERROR;
				CLANG_WARN_DOCUMENTATION_COMMENTS = YES;
				CLANG_WARN_EMPTY_BODY = YES;
				CLANG_WARN_ENUM_CONVERSION = YES;
				CLANG_WARN_INFINITE_RECURSION = YES;
				CLANG_WARN_INT_CONVERSION = YES;
				CLANG_WARN_NON_LITERAL_NULL_CONVERSION = YES;
				CLANG_WARN_OBJC_IMPLICIT_RETAIN_SELF = YES;
				CLANG_WARN_OBJC_LITERAL_CONVERSION = YES;
				CLANG_WARN_OBJC_ROOT_CLASS = YES_ERROR;
				CLANG_WARN_QUOTED_INCLUDE_IN_FRAMEWORK_HEADER = YES;
				CLANG_WARN_RANGE_LOOP_ANALYSIS = YES;
				CLANG_WARN_STRICT_PROTOTYPES = YES;
				CLANG_WARN_SUSPICIOUS_MOVE = YES;
				CLANG_WARN_UNGUARDED_AVAILABILITY = YES_AGGRESSIVE;
				CLANG_WARN_UNREACHABLE_CODE = YES;
				CLANG_WARN__DUPLICATE_METHOD_MATCH = YES;
				COPY_PHASE_STRIP = NO;
				DEBUG_INFORMATION_FORMAT = "dwarf-with-dsym";
				ENABLE_NS_ASSERTIONS = NO;
				ENABLE_STRICT_OBJC_MSGSEND = YES;
				ENABLE_USER_SCRIPT_SANDBOXING = YES;
				GCC_C_LANGUAGE_STANDARD = gnu17;
				GCC_NO_COMMON_BLOCKS = YES;
				GCC_WARN_64_TO_32_BIT_CONVERSION = YES;
				GCC_WARN_ABOUT_RETURN_TYPE = YES_ERROR;
				GCC_WARN_UNDECLARED_SELECTOR = YES;
				GCC_WARN_UNINITIALIZED_AUTOS = YES_AGGRESSIVE;
				GCC_WARN_UNUSED_FUNCTION = YES;
				GCC_WARN_UNUSED_VARIABLE = YES;
				IPHONEOS_DEPLOYMENT_TARGET = 17.2;
				LOCALIZATION_PREFERS_STRING_CATALOGS = YES;
				MTL_ENABLE_DEBUG_INFO = NO;
				MTL_FAST_MATH = YES;
				SDKROOT = iphoneos;
				SWIFT_COMPILATION_MODE = wholemodule;
				VALIDATE_PRODUCT = YES;
			};
			name = Release;
		};
		04AE5A432DE5E4880019E4B8 /* Debug */ = {
			isa = XCBuildConfiguration;
			buildSettings = {
				ASSETCATALOG_COMPILER_APPICON_NAME = AppIcon;
				ASSETCATALOG_COMPILER_GLOBAL_ACCENT_COLOR_NAME = AccentColor;
				CODE_SIGN_STYLE = Automatic;
				CURRENT_PROJECT_VERSION = 1;
				DEVELOPMENT_TEAM = 6ZPB2R3KP8;
				GENERATE_INFOPLIST_FILE = YES;
				INFOPLIST_FILE = MintynTask/Info.plist;
				INFOPLIST_KEY_UIApplicationSupportsIndirectInputEvents = YES;
				INFOPLIST_KEY_UILaunchStoryboardName = LaunchScreen;
				INFOPLIST_KEY_UIMainStoryboardFile = Main;
				INFOPLIST_KEY_UISupportedInterfaceOrientations_iPad = "UIInterfaceOrientationPortrait UIInterfaceOrientationPortraitUpsideDown UIInterfaceOrientationLandscapeLeft UIInterfaceOrientationLandscapeRight";
				INFOPLIST_KEY_UISupportedInterfaceOrientations_iPhone = "UIInterfaceOrientationPortrait UIInterfaceOrientationLandscapeLeft UIInterfaceOrientationLandscapeRight";
				LD_RUNPATH_SEARCH_PATHS = (
					"$(inherited)",
					"@executable_path/Frameworks",
				);
				MARKETING_VERSION = 1.0;
				PRODUCT_BUNDLE_IDENTIFIER = com.waheedcodes.MintynTask;
				PRODUCT_NAME = "$(TARGET_NAME)";
				SWIFT_EMIT_LOC_STRINGS = YES;
				SWIFT_VERSION = 5.0;
				TARGETED_DEVICE_FAMILY = "1,2";
			};
			name = Debug;
		};
		04AE5A442DE5E4880019E4B8 /* Release */ = {
			isa = XCBuildConfiguration;
			buildSettings = {
				ASSETCATALOG_COMPILER_APPICON_NAME = AppIcon;
				ASSETCATALOG_COMPILER_GLOBAL_ACCENT_COLOR_NAME = AccentColor;
				CODE_SIGN_STYLE = Automatic;
				CURRENT_PROJECT_VERSION = 1;
				DEVELOPMENT_TEAM = 6ZPB2R3KP8;
				GENERATE_INFOPLIST_FILE = YES;
				INFOPLIST_FILE = MintynTask/Info.plist;
				INFOPLIST_KEY_UIApplicationSupportsIndirectInputEvents = YES;
				INFOPLIST_KEY_UILaunchStoryboardName = LaunchScreen;
				INFOPLIST_KEY_UIMainStoryboardFile = Main;
				INFOPLIST_KEY_UISupportedInterfaceOrientations_iPad = "UIInterfaceOrientationPortrait UIInterfaceOrientationPortraitUpsideDown UIInterfaceOrientationLandscapeLeft UIInterfaceOrientationLandscapeRight";
				INFOPLIST_KEY_UISupportedInterfaceOrientations_iPhone = "UIInterfaceOrientationPortrait UIInterfaceOrientationLandscapeLeft UIInterfaceOrientationLandscapeRight";
				LD_RUNPATH_SEARCH_PATHS = (
					"$(inherited)",
					"@executable_path/Frameworks",
				);
				MARKETING_VERSION = 1.0;
				PRODUCT_BUNDLE_IDENTIFIER = com.waheedcodes.MintynTask;
				PRODUCT_NAME = "$(TARGET_NAME)";
				SWIFT_EMIT_LOC_STRINGS = YES;
				SWIFT_VERSION = 5.0;
				TARGETED_DEVICE_FAMILY = "1,2";
			};
			name = Release;
		};
/* End XCBuildConfiguration section */

/* Begin XCConfigurationList section */
		04AE5A292DE5E4830019E4B8 /* Build configuration list for PBXProject "MintynTask" */ = {
			isa = XCConfigurationList;
			buildConfigurations = (
				04AE5A402DE5E4880019E4B8 /* Debug */,
				04AE5A412DE5E4880019E4B8 /* Release */,
			);
			defaultConfigurationIsVisible = 0;
			defaultConfigurationName = Release;
		};
		04AE5A422DE5E4880019E4B8 /* Build configuration list for PBXNativeTarget "MintynTask" */ = {
			isa = XCConfigurationList;
			buildConfigurations = (
				04AE5A432DE5E4880019E4B8 /* Debug */,
				04AE5A442DE5E4880019E4B8 /* Release */,
			);
			defaultConfigurationIsVisible = 0;
			defaultConfigurationName = Release;
		};
/* End XCConfigurationList section */
	};
	rootObject = 04AE5A262DE5E4830019E4B8 /* Project object */;
}
